# This file is automatically @generated by Cargo.
# It is not intended for manual editing.
version = 4

[[package]]
name = "quaoar-c"
version = "0.1.0"
dependencies = [
 "quaoar-core",
]

[[package]]
name = "quaoar-cli"
version = "0.1.0"
dependencies = [
 "quaoar-c",
 "quaoar-core",
]

[[package]]
name = "quaoar-core"
version = "0.1.0"
